
Microsoft Visual Studio Solution File, Format Version 12.00
# Visual Studio 2012
Project("{FAE04EC0-301F-11D3-BF4B-00C04F79EFBC}") = "libwasm-core", "libwasm-core\libwasm-core.csproj", "{6C27FD1D-096F-4AA9-8FC4-277964CFC390}"
EndProject
Project("{FAE04EC0-301F-11D3-BF4B-00C04F79EFBC}") = "wasm-dump", "wasm-dump\wasm-dump.csproj", "{BEA2507C-F8CF-414E-9E18-A359FC506BB0}"
EndProject
Project("{FAE04EC0-301F-11D3-BF4B-00C04F79EFBC}") = "nullary-opcode-generator", "nullary-opcode-generator\nullary-opcode-generator.csproj", "{D7C88555-88A1-45C3-855B-F86C24A4773C}"
EndProject
Project("{FAE04EC0-301F-11D3-BF4B-00C04F79EFBC}") = "wasm-cat", "wasm-cat\wasm-cat.csproj", "{43A86926-879D-483A-AB7B-62C8EEE0991E}"
EndProject
Project("{FAE04EC0-301F-11D3-BF4B-00C04F79EFBC}") = "readme-example", "examples\readme-example\readme-example.csproj", "{5415B340-F74D-4ADE-96FF-9457F2BB148E}"
EndProject
Project("{FAE04EC0-301F-11D3-BF4B-00C04F79EFBC}") = "libwasm-interpret", "libwasm-interpret\libwasm-interpret.csproj", "{3FF2B143-4AD3-4BF5-85F4-1BA682FDD511}"
EndProject
Global
	GlobalSection(SolutionConfigurationPlatforms) = preSolution
		Debug|Any CPU = Debug|Any CPU
		Release|Any CPU = Release|Any CPU
	EndGlobalSection
	GlobalSection(ProjectConfigurationPlatforms) = postSolution
		{3FF2B143-4AD3-4BF5-85F4-1BA682FDD511}.Debug|Any CPU.ActiveCfg = Debug|Any CPU
		{3FF2B143-4AD3-4BF5-85F4-1BA682FDD511}.Debug|Any CPU.Build.0 = Debug|Any CPU
		{3FF2B143-4AD3-4BF5-85F4-1BA682FDD511}.Release|Any CPU.ActiveCfg = Release|Any CPU
		{3FF2B143-4AD3-4BF5-85F4-1BA682FDD511}.Release|Any CPU.Build.0 = Release|Any CPU
		{43A86926-879D-483A-AB7B-62C8EEE0991E}.Debug|Any CPU.ActiveCfg = Debug|Any CPU
		{43A86926-879D-483A-AB7B-62C8EEE0991E}.Debug|Any CPU.Build.0 = Debug|Any CPU
		{43A86926-879D-483A-AB7B-62C8EEE0991E}.Release|Any CPU.ActiveCfg = Release|Any CPU
		{43A86926-879D-483A-AB7B-62C8EEE0991E}.Release|Any CPU.Build.0 = Release|Any CPU
		{5415B340-F74D-4ADE-96FF-9457F2BB148E}.Debug|Any CPU.ActiveCfg = Debug|Any CPU
		{5415B340-F74D-4ADE-96FF-9457F2BB148E}.Debug|Any CPU.Build.0 = Debug|Any CPU
		{5415B340-F74D-4ADE-96FF-9457F2BB148E}.Release|Any CPU.ActiveCfg = Release|Any CPU
		{5415B340-F74D-4ADE-96FF-9457F2BB148E}.Release|Any CPU.Build.0 = Release|Any CPU
		{6C27FD1D-096F-4AA9-8FC4-277964CFC390}.Debug|Any CPU.ActiveCfg = Debug|Any CPU
		{6C27FD1D-096F-4AA9-8FC4-277964CFC390}.Debug|Any CPU.Build.0 = Debug|Any CPU
		{6C27FD1D-096F-4AA9-8FC4-277964CFC390}.Release|Any CPU.ActiveCfg = Release|Any CPU
		{6C27FD1D-096F-4AA9-8FC4-277964CFC390}.Release|Any CPU.Build.0 = Release|Any CPU
		{BEA2507C-F8CF-414E-9E18-A359FC506BB0}.Debug|Any CPU.ActiveCfg = Debug|Any CPU
		{BEA2507C-F8CF-414E-9E18-A359FC506BB0}.Debug|Any CPU.Build.0 = Debug|Any CPU
		{BEA2507C-F8CF-414E-9E18-A359FC506BB0}.Release|Any CPU.ActiveCfg = Release|Any CPU
		{BEA2507C-F8CF-414E-9E18-A359FC506BB0}.Release|Any CPU.Build.0 = Release|Any CPU
		{D7C88555-88A1-45C3-855B-F86C24A4773C}.Debug|Any CPU.ActiveCfg = Debug|Any CPU
		{D7C88555-88A1-45C3-855B-F86C24A4773C}.Debug|Any CPU.Build.0 = Debug|Any CPU
		{D7C88555-88A1-45C3-855B-F86C24A4773C}.Release|Any CPU.ActiveCfg = Release|Any CPU
		{D7C88555-88A1-45C3-855B-F86C24A4773C}.Release|Any CPU.Build.0 = Release|Any CPU
	EndGlobalSection
EndGlobal
